// !$*UTF8*$!
{
	archiveVersion = 1;
	classes = {
	};
	objectVersion = 46;
	objects = {

/* Begin PBXBuildFile section */
		6E37C793197997D2000B68D1 /* SZEnumerateExtensions.h in Headers */ = {isa = PBXBuildFile; fileRef = 6E37C791197997D2000B68D1 /* SZEnumerateExtensions.h */; };
		6E37C794197997D2000B68D1 /* SZEnumerateExtensions.m in Sources */ = {isa = PBXBuildFile; fileRef = 6E37C792197997D2000B68D1 /* SZEnumerateExtensions.m */; };
		6E37C79619799E7B000B68D1 /* SZEnumerateExtensionsTests.m in Sources */ = {isa = PBXBuildFile; fileRef = 6E37C79519799E7B000B68D1 /* SZEnumerateExtensionsTests.m */; };
		6EE832DD197996BA00EB5396 /* SZEnumerate.h in Headers */ = {isa = PBXBuildFile; fileRef = 6EE832DC197996BA00EB5396 /* SZEnumerate.h */; settings = {ATTRIBUTES = (Public, ); }; };
		6EE832E3197996BA00EB5396 /* SZEnumerate.framework in Frameworks */ = {isa = PBXBuildFile; fileRef = 6EE832D7197996BA00EB5396 /* SZEnumerate.framework */; };
		CAE9E0EDC06943BDA16EF657 /* libPods-SZEnumerateTests.a in Frameworks */ = {isa = PBXBuildFile; fileRef = DEDB4F250523463AA2938B19 /* libPods-SZEnumerateTests.a */; };
/* End PBXBuildFile section */

/* Begin PBXContainerItemProxy section */
		6EE832E4197996BA00EB5396 /* PBXContainerItemProxy */ = {
			isa = PBXContainerItemProxy;
			containerPortal = 6EE832CE197996BA00EB5396 /* Project object */;
			proxyType = 1;
			remoteGlobalIDString = 6EE832D6197996BA00EB5396;
			remoteInfo = SZEnumerate;
		};
/* End PBXContainerItemProxy section */

/* Begin PBXFileReference section */
		4D7C66CD5BCF4BF68BE3F31C /* Pods-SZEnumerateTests.xcconfig */ = {isa = PBXFileReference; includeInIndex = 1; lastKnownFileType = text.xcconfig; name = "Pods-SZEnumerateTests.xcconfig"; path = "Pods/Pods-SZEnumerateTests.xcconfig"; sourceTree = "<group>"; };
		6E37C791197997D2000B68D1 /* SZEnumerateExtensions.h */ = {isa = PBXFileReference; fileEncoding = 4; lastKnownFileType = sourcecode.c.h; path = SZEnumerateExtensions.h; sourceTree = "<group>"; };
		6E37C792197997D2000B68D1 /* SZEnumerateExtensions.m */ = {isa = PBXFileReference; fileEncoding = 4; lastKnownFileType = sourcecode.c.objc; path = SZEnumerateExtensions.m; sourceTree = "<group>"; };
		6E37C79519799E7B000B68D1 /* SZEnumerateExtensionsTests.m */ = {isa = PBXFileReference; fileEncoding = 4; lastKnownFileType = sourcecode.c.objc; path = SZEnumerateExtensionsTests.m; sourceTree = "<group>"; };
		6EE832D7197996BA00EB5396 /* SZEnumerate.framework */ = {isa = PBXFileReference; explicitFileType = wrapper.framework; includeInIndex = 0; path = SZEnumerate.framework; sourceTree = BUILT_PRODUCTS_DIR; };
		6EE832DB197996BA00EB5396 /* Info.plist */ = {isa = PBXFileReference; lastKnownFileType = text.plist.xml; path = Info.plist; sourceTree = "<group>"; };
		6EE832DC197996BA00EB5396 /* SZEnumerate.h */ = {isa = PBXFileReference; lastKnownFileType = sourcecode.c.h; path = SZEnumerate.h; sourceTree = "<group>"; };
		6EE832E2197996BA00EB5396 /* SZEnumerateTests.xctest */ = {isa = PBXFileReference; explicitFileType = wrapper.cfbundle; includeInIndex = 0; path = SZEnumerateTests.xctest; sourceTree = BUILT_PRODUCTS_DIR; };
		6EE832E8197996BA00EB5396 /* Info.plist */ = {isa = PBXFileReference; lastKnownFileType = text.plist.xml; path = Info.plist; sourceTree = "<group>"; };
		DEDB4F250523463AA2938B19 /* libPods-SZEnumerateTests.a */ = {isa = PBXFileReference; explicitFileType = archive.ar; includeInIndex = 0; path = "libPods-SZEnumerateTests.a"; sourceTree = BUILT_PRODUCTS_DIR; };
/* End PBXFileReference section */

/* Begin PBXFrameworksBuildPhase section */
		6EE832D3197996BA00EB5396 /* Frameworks */ = {
			isa = PBXFrameworksBuildPhase;
			buildActionMask = 2147483647;
			files = (
			);
			runOnlyForDeploymentPostprocessing = 0;
		};
		6EE832DF197996BA00EB5396 /* Frameworks */ = {
			isa = PBXFrameworksBuildPhase;
			buildActionMask = 2147483647;
			files = (
				6EE832E3197996BA00EB5396 /* SZEnumerate.framework in Frameworks */,
				CAE9E0EDC06943BDA16EF657 /* libPods-SZEnumerateTests.a in Frameworks */,
			);
			runOnlyForDeploymentPostprocessing = 0;
		};
/* End PBXFrameworksBuildPhase section */

/* Begin PBXGroup section */
		00A8CA08C91A47E6A7467987 /* Frameworks */ = {
			isa = PBXGroup;
			children = (
				DEDB4F250523463AA2938B19 /* libPods-SZEnumerateTests.a */,
			);
			name = Frameworks;
			sourceTree = "<group>";
		};
		6EE832CD197996BA00EB5396 = {
			isa = PBXGroup;
			children = (
				6EE832D9197996BA00EB5396 /* SZEnumerate */,
				6EE832E6197996BA00EB5396 /* SZEnumerateTests */,
				6EE832D8197996BA00EB5396 /* Products */,
				4D7C66CD5BCF4BF68BE3F31C /* Pods-SZEnumerateTests.xcconfig */,
				00A8CA08C91A47E6A7467987 /* Frameworks */,
			);
			sourceTree = "<group>";
		};
		6EE832D8197996BA00EB5396 /* Products */ = {
			isa = PBXGroup;
			children = (
				6EE832D7197996BA00EB5396 /* SZEnumerate.framework */,
				6EE832E2197996BA00EB5396 /* SZEnumerateTests.xctest */,
			);
			name = Products;
			sourceTree = "<group>";
		};
		6EE832D9197996BA00EB5396 /* SZEnumerate */ = {
			isa = PBXGroup;
			children = (
				6EE832DA197996BA00EB5396 /* Supporting Files */,
				6EE832DC197996BA00EB5396 /* SZEnumerate.h */,
				6E37C791197997D2000B68D1 /* SZEnumerateExtensions.h */,
				6E37C792197997D2000B68D1 /* SZEnumerateExtensions.m */,
			);
			path = SZEnumerate;
			sourceTree = "<group>";
		};
		6EE832DA197996BA00EB5396 /* Supporting Files */ = {
			isa = PBXGroup;
			children = (
				6EE832DB197996BA00EB5396 /* Info.plist */,
			);
			name = "Supporting Files";
			sourceTree = "<group>";
		};
		6EE832E6197996BA00EB5396 /* SZEnumerateTests */ = {
			isa = PBXGroup;
			children = (
				6EE832E7197996BA00EB5396 /* Supporting Files */,
				6E37C79519799E7B000B68D1 /* SZEnumerateExtensionsTests.m */,
			);
			path = SZEnumerateTests;
			sourceTree = "<group>";
		};
		6EE832E7197996BA00EB5396 /* Supporting Files */ = {
			isa = PBXGroup;
			children = (
				6EE832E8197996BA00EB5396 /* Info.plist */,
			);
			name = "Supporting Files";
			sourceTree = "<group>";
		};
/* End PBXGroup section */

/* Begin PBXHeadersBuildPhase section */
		6EE832D4197996BA00EB5396 /* Headers */ = {
			isa = PBXHeadersBuildPhase;
			buildActionMask = 2147483647;
			files = (
				6EE832DD197996BA00EB5396 /* SZEnumerate.h in Headers */,
				6E37C793197997D2000B68D1 /* SZEnumerateExtensions.h in Headers */,
			);
			runOnlyForDeploymentPostprocessing = 0;
		};
/* End PBXHeadersBuildPhase section */

/* Begin PBXNativeTarget section */
		6EE832D6197996BA00EB5396 /* SZEnumerate */ = {
			isa = PBXNativeTarget;
			buildConfigurationList = 6EE832ED197996BA00EB5396 /* Build configuration list for PBXNativeTarget "SZEnumerate" */;
			buildPhases = (
				6EE832D2197996BA00EB5396 /* Sources */,
				6EE832D3197996BA00EB5396 /* Frameworks */,
				6EE832D4197996BA00EB5396 /* Headers */,
				6EE832D5197996BA00EB5396 /* Resources */,
			);
			buildRules = (
			);
			dependencies = (
			);
			name = SZEnumerate;
			productName = SZEnumerate;
			productReference = 6EE832D7197996BA00EB5396 /* SZEnumerate.framework */;
			productType = "com.apple.product-type.framework";
		};
		6EE832E1197996BA00EB5396 /* SZEnumerateTests */ = {
			isa = PBXNativeTarget;
			buildConfigurationList = 6EE832F0197996BA00EB5396 /* Build configuration list for PBXNativeTarget "SZEnumerateTests" */;
			buildPhases = (
				F5CC77AE3E9B41A799DD5E7F /* Check Pods Manifest.lock */,
				6EE832DE197996BA00EB5396 /* Sources */,
				6EE832DF197996BA00EB5396 /* Frameworks */,
				6EE832E0197996BA00EB5396 /* Resources */,
				7449A28F8BB546CAAF88C3E7 /* Copy Pods Resources */,
			);
			buildRules = (
			);
			dependencies = (
				6EE832E5197996BA00EB5396 /* PBXTargetDependency */,
			);
			name = SZEnumerateTests;
			productName = SZEnumerateTests;
			productReference = 6EE832E2197996BA00EB5396 /* SZEnumerateTests.xctest */;
			productType = "com.apple.product-type.bundle.unit-test";
		};
/* End PBXNativeTarget section */

/* Begin PBXProject section */
		6EE832CE197996BA00EB5396 /* Project object */ = {
			isa = PBXProject;
			attributes = {
				LastUpgradeCheck = 0600;
				ORGANIZATIONNAME = "Thomas Sherwood";
				TargetAttributes = {
					6EE832D6197996BA00EB5396 = {
						CreatedOnToolsVersion = 6.0;
					};
					6EE832E1197996BA00EB5396 = {
						CreatedOnToolsVersion = 6.0;
						TestTargetID = 6EE832D6197996BA00EB5396;
					};
				};
			};
			buildConfigurationList = 6EE832D1197996BA00EB5396 /* Build configuration list for PBXProject "SZEnumerate" */;
			compatibilityVersion = "Xcode 3.2";
			developmentRegion = English;
			hasScannedForEncodings = 0;
			knownRegions = (
				en,
			);
			mainGroup = 6EE832CD197996BA00EB5396;
			productRefGroup = 6EE832D8197996BA00EB5396 /* Products */;
			projectDirPath = "";
			projectRoot = "";
			targets = (
				6EE832D6197996BA00EB5396 /* SZEnumerate */,
				6EE832E1197996BA00EB5396 /* SZEnumerateTests */,
			);
		};
/* End PBXProject section */

/* Begin PBXResourcesBuildPhase section */
		6EE832D5197996BA00EB5396 /* Resources */ = {
			isa = PBXResourcesBuildPhase;
			buildActionMask = 2147483647;
			files = (
			);
			runOnlyForDeploymentPostprocessing = 0;
		};
		6EE832E0197996BA00EB5396 /* Resources */ = {
			isa = PBXResourcesBuildPhase;
			buildActionMask = 2147483647;
			files = (
			);
			runOnlyForDeploymentPostprocessing = 0;
		};
/* End PBXResourcesBuildPhase section */

/* Begin PBXShellScriptBuildPhase section */
		7449A28F8BB546CAAF88C3E7 /* Copy Pods Resources */ = {
			isa = PBXShellScriptBuildPhase;
			buildActionMask = 2147483647;
			files = (
			);
			inputPaths = (
			);
			name = "Copy Pods Resources";
			outputPaths = (
			);
			runOnlyForDeploymentPostprocessing = 0;
			shellPath = /bin/sh;
			shellScript = "\"${SRCROOT}/Pods/Pods-SZEnumerateTests-resources.sh\"\n";
			showEnvVarsInLog = 0;
		};
		F5CC77AE3E9B41A799DD5E7F /* Check Pods Manifest.lock */ = {
			isa = PBXShellScriptBuildPhase;
			buildActionMask = 2147483647;
			files = (
			);
			inputPaths = (
			);
			name = "Check Pods Manifest.lock";
			outputPaths = (
			);
			runOnlyForDeploymentPostprocessing = 0;
			shellPath = /bin/sh;
			shellScript = "diff \"${PODS_ROOT}/../Podfile.lock\" \"${PODS_ROOT}/Manifest.lock\" > /dev/null\nif [[ $? != 0 ]] ; then\n    cat << EOM\nerror: The sandbox is not in sync with the Podfile.lock. Run 'pod install' or update your CocoaPods installation.\nEOM\n    exit 1\nfi\n";
			showEnvVarsInLog = 0;
		};
/* End PBXShellScriptBuildPhase section */

/* Begin PBXSourcesBuildPhase section */
		6EE832D2197996BA00EB5396 /* Sources */ = {
			isa = PBXSourcesBuildPhase;
			buildActionMask = 2147483647;
			files = (
				6E37C794197997D2000B68D1 /* SZEnumerateExtensions.m in Sources */,
			);
			runOnlyForDeploymentPostprocessing = 0;
		};
		6EE832DE197996BA00EB5396 /* Sources */ = {
			isa = PBXSourcesBuildPhase;
			buildActionMask = 2147483647;
			files = (
				6E37C79619799E7B000B68D1 /* SZEnumerateExtensionsTests.m in Sources */,
			);
			runOnlyForDeploymentPostprocessing = 0;
		};
/* End PBXSourcesBuildPhase section */

/* Begin PBXTargetDependency section */
		6EE832E5197996BA00EB5396 /* PBXTargetDependency */ = {
			isa = PBXTargetDependency;
			target = 6EE832D6197996BA00EB5396 /* SZEnumerate */;
			targetProxy = 6EE832E4197996BA00EB5396 /* PBXContainerItemProxy */;
		};
/* End PBXTargetDependency section */

/* Begin XCBuildConfiguration section */
		6EE832EB197996BA00EB5396 /* Debug */ = {
			isa = XCBuildConfiguration;
			buildSettings = {
				ALWAYS_SEARCH_USER_PATHS = NO;
				CLANG_CXX_LANGUAGE_STANDARD = "gnu++0x";
				CLANG_CXX_LIBRARY = "libc++";
				CLANG_ENABLE_MODULES = YES;
				CLANG_ENABLE_OBJC_ARC = YES;
				CLANG_WARN_BOOL_CONVERSION = YES;
				CLANG_WARN_CONSTANT_CONVERSION = YES;
				CLANG_WARN_DIRECT_OBJC_ISA_USAGE = YES_ERROR;
				CLANG_WARN_EMPTY_BODY = YES;
				CLANG_WARN_ENUM_CONVERSION = YES;
				CLANG_WARN_INT_CONVERSION = YES;
				CLANG_WARN_OBJC_ROOT_CLASS = YES_ERROR;
				CLANG_WARN_UNREACHABLE_CODE = YES;
				CLANG_WARN__DUPLICATE_METHOD_MATCH = YES;
				"CODE_SIGN_IDENTITY[sdk=iphoneos*]" = "iPhone Developer";
				COPY_PHASE_STRIP = NO;
				CURRENT_PROJECT_VERSION = 1;
				ENABLE_STRICT_OBJC_MSGSEND = YES;
				GCC_C_LANGUAGE_STANDARD = gnu99;
				GCC_DYNAMIC_NO_PIC = NO;
				GCC_OPTIMIZATION_LEVEL = 0;
				GCC_PREPROCESSOR_DEFINITIONS = (
					"DEBUG=1",
					"$(inherited)",
				);
				GCC_SYMBOLS_PRIVATE_EXTERN = NO;
				GCC_WARN_64_TO_32_BIT_CONVERSION = YES;
				GCC_WARN_ABOUT_RETURN_TYPE = YES_ERROR;
				GCC_WARN_UNDECLARED_SELECTOR = YES;
				GCC_WARN_UNINITIALIZED_AUTOS = YES_AGGRESSIVE;
				GCC_WARN_UNUSED_FUNCTION = YES;
				GCC_WARN_UNUSED_VARIABLE = YES;
				IPHONEOS_DEPLOYMENT_TARGET = 8.0;
				METAL_ENABLE_DEBUG_INFO = YES;
				ONLY_ACTIVE_ARCH = YES;
				SDKROOT = iphoneos;
				TARGETED_DEVICE_FAMILY = "1,2";
				VERSIONING_SYSTEM = "apple-generic";
				VERSION_INFO_PREFIX = "";
			};
			name = Debug;
		};
		6EE832EC197996BA00EB5396 /* Release */ = {
			isa = XCBuildConfiguration;
			buildSettings = {
				ALWAYS_SEARCH_USER_PATHS = NO;
				CLANG_CXX_LANGUAGE_STANDARD = "gnu++0x";
				CLANG_CXX_LIBRARY = "libc++";
				CLANG_ENABLE_MODULES = YES;
				CLANG_ENABLE_OBJC_ARC = YES;
				CLANG_WARN_BOOL_CONVERSION = YES;
				CLANG_WARN_CONSTANT_CONVERSION = YES;
				CLANG_WARN_DIRECT_OBJC_ISA_USAGE = YES_ERROR;
				CLANG_WARN_EMPTY_BODY = YES;
				CLANG_WARN_ENUM_CONVERSION = YES;
				CLANG_WARN_INT_CONVERSION = YES;
				CLANG_WARN_OBJC_ROOT_CLASS = YES_ERROR;
				CLANG_WARN_UNREACHABLE_CODE = YES;
				CLANG_WARN__DUPLICATE_METHOD_MATCH = YES;
				"CODE_SIGN_IDENTITY[sdk=iphoneos*]" = "iPhone Developer";
				COPY_PHASE_STRIP = YES;
				CURRENT_PROJECT_VERSION = 1;
				ENABLE_NS_ASSERTIONS = NO;
				ENABLE_STRICT_OBJC_MSGSEND = YES;
				GCC_C_LANGUAGE_STANDARD = gnu99;
				GCC_WARN_64_TO_32_BIT_CONVERSION = YES;
				GCC_WARN_ABOUT_RETURN_TYPE = YES_ERROR;
				GCC_WARN_UNDECLARED_SELECTOR = YES;
				GCC_WARN_UNINITIALIZED_AUTOS = YES_AGGRESSIVE;
				GCC_WARN_UNUSED_FUNCTION = YES;
				GCC_WARN_UNUSED_VARIABLE = YES;
				IPHONEOS_DEPLOYMENT_TARGET = 8.0;
				METAL_ENABLE_DEBUG_INFO = NO;
				SDKROOT = iphoneos;
				TARGETED_DEVICE_FAMILY = "1,2";
				VALIDATE_PRODUCT = YES;
				VERSIONING_SYSTEM = "apple-generic";
				VERSION_INFO_PREFIX = "";
			};
			name = Release;
		};
		6EE832EE197996BA00EB5396 /* Debug */ = {
			isa = XCBuildConfiguration;
			buildSettings = {
				DEFINES_MODULE = YES;
				DYLIB_COMPATIBILITY_VERSION = 1;
				DYLIB_CURRENT_VERSION = 1;
				DYLIB_INSTALL_NAME_BASE = "@rpath";
				INFOPLIST_FILE = SZEnumerate/Info.plist;
				INSTALL_PATH = "$(LOCAL_LIBRARY_DIR)/Frameworks";
				LD_RUNPATH_SEARCH_PATHS = "$(inherited) @executable_path/Frameworks @loader_path/Frameworks";
				PRODUCT_NAME = "$(TARGET_NAME)";
				SKIP_INSTALL = YES;
			};
			name = Debug;
		};
		6EE832EF197996BA00EB5396 /* Release */ = {
			isa = XCBuildConfiguration;
			buildSettings = {
				DEFINES_MODULE = YES;
				DYLIB_COMPATIBILITY_VERSION = 1;
				DYLIB_CURRENT_VERSION = 1;
				DYLIB_INSTALL_NAME_BASE = "@rpath";
				INFOPLIST_FILE = SZEnumerate/Info.plist;
				INSTALL_PATH = "$(LOCAL_LIBRARY_DIR)/Frameworks";
				LD_RUNPATH_SEARCH_PATHS = "$(inherited) @executable_path/Frameworks @loader_path/Frameworks";
				PRODUCT_NAME = "$(TARGET_NAME)";
				SKIP_INSTALL = YES;
			};
			name = Release;
		};
		6EE832F1197996BA00EB5396 /* Debug */ = {
			isa = XCBuildConfiguration;
			baseConfigurationReference = 4D7C66CD5BCF4BF68BE3F31C /* Pods-SZEnumerateTests.xcconfig */;
			buildSettings = {
				FRAMEWORK_SEARCH_PATHS = (
					"$(SDKROOT)/Developer/Library/Frameworks",
					"$(inherited)",
				);
				GCC_PREPROCESSOR_DEFINITIONS = (
					"DEBUG=1",
					"$(inherited)",
				);
				INFOPLIST_FILE = SZEnumerateTests/Info.plist;
				LD_RUNPATH_SEARCH_PATHS = "$(inherited) @executable_path/Frameworks @loader_path/Frameworks";
				METAL_ENABLE_DEBUG_INFO = YES;
				PRODUCT_NAME = "$(TARGET_NAME)";
			};
			name = Debug;
		};
		6EE832F2197996BA00EB5396 /* Release */ = {
			isa = XCBuildConfiguration;
			baseConfigurationReference = 4D7C66CD5BCF4BF68BE3F31C /* Pods-SZEnumerateTests.xcconfig */;
			buildSettings = {
				FRAMEWORK_SEARCH_PATHS = (
					"$(SDKROOT)/Developer/Library/Frameworks",
					"$(inherited)",
				);
				INFOPLIST_FILE = SZEnumerateTests/Info.plist;
				LD_RUNPATH_SEARCH_PATHS = "$(inherited) @executable_path/Frameworks @loader_path/Frameworks";
				METAL_ENABLE_DEBUG_INFO = NO;
				PRODUCT_NAME = "$(TARGET_NAME)";
			};
			name = Release;
		};
/* End XCBuildConfiguration section */

/* Begin XCConfigurationList section */
		6EE832D1197996BA00EB5396 /* Build configuration list for PBXProject "SZEnumerate" */ = {
			isa = XCConfigurationList;
			buildConfigurations = (
				6EE832EB197996BA00EB5396 /* Debug */,
				6EE832EC197996BA00EB5396 /* Release */,
			);
			defaultConfigurationIsVisible = 0;
			defaultConfigurationName = Release;
		};
		6EE832ED197996BA00EB5396 /* Build configuration list for PBXNativeTarget "SZEnumerate" */ = {
			isa = XCConfigurationList;
			buildConfigurations = (
				6EE832EE197996BA00EB5396 /* Debug */,
				6EE832EF197996BA00EB5396 /* Release */,
			);
			defaultConfigurationIsVisible = 0;
			defaultConfigurationName = Release;
		};
		6EE832F0197996BA00EB5396 /* Build configuration list for PBXNativeTarget "SZEnumerateTests" */ = {
			isa = XCConfigurationList;
			buildConfigurations = (
				6EE832F1197996BA00EB5396 /* Debug */,
				6EE832F2197996BA00EB5396 /* Release */,
			);
			defaultConfigurationIsVisible = 0;
			defaultConfigurationName = Release;
		};
/* End XCConfigurationList section */
	};
	rootObject = 6EE832CE197996BA00EB5396 /* Project object */;
}
